// !$*UTF8*$!
{
	archiveVersion = 1;
	classes = {
	};
	objectVersion = 50;
	objects = {

/* Begin PBXBuildFile section */
		8F891EE323B54C000012C6A3 /* AppDelegate.swift in Sources */ = {isa = PBXBuildFile; fileRef = 8F891EE223B54C000012C6A3 /* AppDelegate.swift */; };
		8F891EE523B54C000012C6A3 /* SceneDelegate.swift in Sources */ = {isa = PBXBuildFile; fileRef = 8F891EE423B54C000012C6A3 /* SceneDelegate.swift */; };
		8F891EE723B54C000012C6A3 /* ContentView.swift in Sources */ = {isa = PBXBuildFile; fileRef = 8F891EE623B54C000012C6A3 /* ContentView.swift */; };
		8F891EE923B54C040012C6A3 /* Assets.xcassets in Resources */ = {isa = PBXBuildFile; fileRef = 8F891EE823B54C040012C6A3 /* Assets.xcassets */; };
		8F891EEC23B54C040012C6A3 /* Preview Assets.xcassets in Resources */ = {isa = PBXBuildFile; fileRef = 8F891EEB23B54C040012C6A3 /* Preview Assets.xcassets */; };
		8F891EEF23B54C040012C6A3 /* LaunchScreen.storyboard in Resources */ = {isa = PBXBuildFile; fileRef = 8F891EED23B54C040012C6A3 /* LaunchScreen.storyboard */; };
		8F891EFA23B54C050012C6A3 /* FaceDetectorTests.swift in Sources */ = {isa = PBXBuildFile; fileRef = 8F891EF923B54C050012C6A3 /* FaceDetectorTests.swift */; };
		8F891F0523B54C050012C6A3 /* FaceDetectorUITests.swift in Sources */ = {isa = PBXBuildFile; fileRef = 8F891F0423B54C050012C6A3 /* FaceDetectorUITests.swift */; };
		8F891F1323B54C5D0012C6A3 /* Faces.swift in Sources */ = {isa = PBXBuildFile; fileRef = 8F891F1223B54C5D0012C6A3 /* Faces.swift */; };
		8F891F1523B550500012C6A3 /* Views.swift in Sources */ = {isa = PBXBuildFile; fileRef = 8F891F1423B550500012C6A3 /* Views.swift */; };
/* End PBXBuildFile section */

/* Begin PBXContainerItemProxy section */
		8F891EF623B54C050012C6A3 /* PBXContainerItemProxy */ = {
			isa = PBXContainerItemProxy;
			containerPortal = 8F891ED723B54C000012C6A3 /* Project object */;
			proxyType = 1;
			remoteGlobalIDString = 8F891EDE23B54C000012C6A3;
			remoteInfo = FaceDetector;
		};
		8F891F0123B54C050012C6A3 /* PBXContainerItemProxy */ = {
			isa = PBXContainerItemProxy;
			containerPortal = 8F891ED723B54C000012C6A3 /* Project object */;
			proxyType = 1;
			remoteGlobalIDString = 8F891EDE23B54C000012C6A3;
			remoteInfo = FaceDetector;
		};
/* End PBXContainerItemProxy section */

/* Begin PBXFileReference section */
		8F891EDF23B54C000012C6A3 /* FaceDetector.app */ = {isa = PBXFileReference; explicitFileType = wrapper.application; includeInIndex = 0; path = FaceDetector.app; sourceTree = BUILT_PRODUCTS_DIR; };
		8F891EE223B54C000012C6A3 /* AppDelegate.swift */ = {isa = PBXFileReference; lastKnownFileType = sourcecode.swift; path = AppDelegate.swift; sourceTree = "<group>"; };
		8F891EE423B54C000012C6A3 /* SceneDelegate.swift */ = {isa = PBXFileReference; lastKnownFileType = sourcecode.swift; path = SceneDelegate.swift; sourceTree = "<group>"; };
		8F891EE623B54C000012C6A3 /* ContentView.swift */ = {isa = PBXFileReference; lastKnownFileType = sourcecode.swift; path = ContentView.swift; sourceTree = "<group>"; };
		8F891EE823B54C040012C6A3 /* Assets.xcassets */ = {isa = PBXFileReference; lastKnownFileType = folder.assetcatalog; path = Assets.xcassets; sourceTree = "<group>"; };
		8F891EEB23B54C040012C6A3 /* Preview Assets.xcassets */ = {isa = PBXFileReference; lastKnownFileType = folder.assetcatalog; path = "Preview Assets.xcassets"; sourceTree = "<group>"; };
		8F891EEE23B54C040012C6A3 /* Base */ = {isa = PBXFileReference; lastKnownFileType = file.storyboard; name = Base; path = Base.lproj/LaunchScreen.storyboard; sourceTree = "<group>"; };
		8F891EF023B54C040012C6A3 /* Info.plist */ = {isa = PBXFileReference; lastKnownFileType = text.plist.xml; path = Info.plist; sourceTree = "<group>"; };
		8F891EF523B54C050012C6A3 /* FaceDetectorTests.xctest */ = {isa = PBXFileReference; explicitFileType = wrapper.cfbundle; includeInIndex = 0; path = FaceDetectorTests.xctest; sourceTree = BUILT_PRODUCTS_DIR; };
		8F891EF923B54C050012C6A3 /* FaceDetectorTests.swift */ = {isa = PBXFileReference; lastKnownFileType = sourcecode.swift; path = FaceDetectorTests.swift; sourceTree = "<group>"; };
		8F891EFB23B54C050012C6A3 /* Info.plist */ = {isa = PBXFileReference; lastKnownFileType = text.plist.xml; path = Info.plist; sourceTree = "<group>"; };
		8F891F0023B54C050012C6A3 /* FaceDetectorUITests.xctest */ = {isa = PBXFileReference; explicitFileType = wrapper.cfbundle; includeInIndex = 0; path = FaceDetectorUITests.xctest; sourceTree = BUILT_PRODUCTS_DIR; };
		8F891F0423B54C050012C6A3 /* FaceDetectorUITests.swift */ = {isa = PBXFileReference; lastKnownFileType = sourcecode.swift; path = FaceDetectorUITests.swift; sourceTree = "<group>"; };
		8F891F0623B54C050012C6A3 /* Info.plist */ = {isa = PBXFileReference; lastKnownFileType = text.plist.xml; path = Info.plist; sourceTree = "<group>"; };
		8F891F1223B54C5D0012C6A3 /* Faces.swift */ = {isa = PBXFileReference; lastKnownFileType = sourcecode.swift; path = Faces.swift; sourceTree = "<group>"; };
		8F891F1423B550500012C6A3 /* Views.swift */ = {isa = PBXFileReference; lastKnownFileType = sourcecode.swift; path = Views.swift; sourceTree = "<group>"; };
/* End PBXFileReference section */

/* Begin PBXFrameworksBuildPhase section */
		8F891EDC23B54C000012C6A3 /* Frameworks */ = {
			isa = PBXFrameworksBuildPhase;
			buildActionMask = 2147483647;
			files = (
			);
			runOnlyForDeploymentPostprocessing = 0;
		};
		8F891EF223B54C050012C6A3 /* Frameworks */ = {
			isa = PBXFrameworksBuildPhase;
			buildActionMask = 2147483647;
			files = (
			);
			runOnlyForDeploymentPostprocessing = 0;
		};
		8F891EFD23B54C050012C6A3 /* Frameworks */ = {
			isa = PBXFrameworksBuildPhase;
			buildActionMask = 2147483647;
			files = (
			);
			runOnlyForDeploymentPostprocessing = 0;
		};
/* End PBXFrameworksBuildPhase section */

/* Begin PBXGroup section */
		8F891ED623B54C000012C6A3 = {
			isa = PBXGroup;
			children = (
				8F891EE123B54C000012C6A3 /* FaceDetector */,
				8F891EF823B54C050012C6A3 /* FaceDetectorTests */,
				8F891F0323B54C050012C6A3 /* FaceDetectorUITests */,
				8F891EE023B54C000012C6A3 /* Products */,
			);
			sourceTree = "<group>";
		};
		8F891EE023B54C000012C6A3 /* Products */ = {
			isa = PBXGroup;
			children = (
				8F891EDF23B54C000012C6A3 /* FaceDetector.app */,
				8F891EF523B54C050012C6A3 /* FaceDetectorTests.xctest */,
				8F891F0023B54C050012C6A3 /* FaceDetectorUITests.xctest */,
			);
			name = Products;
			sourceTree = "<group>";
		};
		8F891EE123B54C000012C6A3 /* FaceDetector */ = {
			isa = PBXGroup;
			children = (
				8F891F1223B54C5D0012C6A3 /* Faces.swift */,
				8F891EE223B54C000012C6A3 /* AppDelegate.swift */,
				8F891EE423B54C000012C6A3 /* SceneDelegate.swift */,
				8F891EE623B54C000012C6A3 /* ContentView.swift */,
				8F891EE823B54C040012C6A3 /* Assets.xcassets */,
				8F891EED23B54C040012C6A3 /* LaunchScreen.storyboard */,
				8F891EF023B54C040012C6A3 /* Info.plist */,
				8F891EEA23B54C040012C6A3 /* Preview Content */,
				8F891F1423B550500012C6A3 /* Views.swift */,
			);
			path = FaceDetector;
			sourceTree = "<group>";
		};
		8F891EEA23B54C040012C6A3 /* Preview Content */ = {
			isa = PBXGroup;
			children = (
				8F891EEB23B54C040012C6A3 /* Preview Assets.xcassets */,
			);
			path = "Preview Content";
			sourceTree = "<group>";
		};
		8F891EF823B54C050012C6A3 /* FaceDetectorTests */ = {
			isa = PBXGroup;
			children = (
				8F891EF923B54C050012C6A3 /* FaceDetectorTests.swift */,
				8F891EFB23B54C050012C6A3 /* Info.plist */,
			);
			path = FaceDetectorTests;
			sourceTree = "<group>";
		};
		8F891F0323B54C050012C6A3 /* FaceDetectorUITests */ = {
			isa = PBXGroup;
			children = (
				8F891F0423B54C050012C6A3 /* FaceDetectorUITests.swift */,
				8F891F0623B54C050012C6A3 /* Info.plist */,
			);
			path = FaceDetectorUITests;
			sourceTree = "<group>";
		};
/* End PBXGroup section */

/* Begin PBXNativeTarget section */
		8F891EDE23B54C000012C6A3 /* FaceDetector */ = {
			isa = PBXNativeTarget;
			buildConfigurationList = 8F891F0923B54C050012C6A3 /* Build configuration list for PBXNativeTarget "FaceDetector" */;
			buildPhases = (
				8F891EDB23B54C000012C6A3 /* Sources */,
				8F891EDC23B54C000012C6A3 /* Frameworks */,
				8F891EDD23B54C000012C6A3 /* Resources */,
			);
			buildRules = (
			);
			dependencies = (
			);
			name = FaceDetector;
			productName = FaceDetector;
			productReference = 8F891EDF23B54C000012C6A3 /* FaceDetector.app */;
			productType = "com.apple.product-type.application";
		};
		8F891EF423B54C050012C6A3 /* FaceDetectorTests */ = {
			isa = PBXNativeTarget;
			buildConfigurationList = 8F891F0C23B54C050012C6A3 /* Build configuration list for PBXNativeTarget "FaceDetectorTests" */;
			buildPhases = (
				8F891EF123B54C050012C6A3 /* Sources */,
				8F891EF223B54C050012C6A3 /* Frameworks */,
				8F891EF323B54C050012C6A3 /* Resources */,
			);
			buildRules = (
			);
			dependencies = (
				8F891EF723B54C050012C6A3 /* PBXTargetDependency */,
			);
			name = FaceDetectorTests;
			productName = FaceDetectorTests;
			productReference = 8F891EF523B54C050012C6A3 /* FaceDetectorTests.xctest */;
			productType = "com.apple.product-type.bundle.unit-test";
		};
		8F891EFF23B54C050012C6A3 /* FaceDetectorUITests */ = {
			isa = PBXNativeTarget;
			buildConfigurationList = 8F891F0F23B54C050012C6A3 /* Build configuration list for PBXNativeTarget "FaceDetectorUITests" */;
			buildPhases = (
				8F891EFC23B54C050012C6A3 /* Sources */,
				8F891EFD23B54C050012C6A3 /* Frameworks */,
				8F891EFE23B54C050012C6A3 /* Resources */,
			);
			buildRules = (
			);
			dependencies = (
				8F891F0223B54C050012C6A3 /* PBXTargetDependency */,
			);
			name = FaceDetectorUITests;
			productName = FaceDetectorUITests;
			productReference = 8F891F0023B54C050012C6A3 /* FaceDetectorUITests.xctest */;
			productType = "com.apple.product-type.bundle.ui-testing";
		};
/* End PBXNativeTarget section */

/* Begin PBXProject section */
		8F891ED723B54C000012C6A3 /* Project object */ = {
			isa = PBXProject;
			attributes = {
				LastSwiftUpdateCheck = 1120;
				LastUpgradeCheck = 1120;
				ORGANIZATIONNAME = "John Naylor";
				TargetAttributes = {
					8F891EDE23B54C000012C6A3 = {
						CreatedOnToolsVersion = 11.2.1;
					};
					8F891EF423B54C050012C6A3 = {
						CreatedOnToolsVersion = 11.2.1;
						TestTargetID = 8F891EDE23B54C000012C6A3;
					};
					8F891EFF23B54C050012C6A3 = {
						CreatedOnToolsVersion = 11.2.1;
						TestTargetID = 8F891EDE23B54C000012C6A3;
					};
				};
			};
			buildConfigurationList = 8F891EDA23B54C000012C6A3 /* Build configuration list for PBXProject "FaceDetector" */;
			compatibilityVersion = "Xcode 9.3";
			developmentRegion = en;
			hasScannedForEncodings = 0;
			knownRegions = (
				en,
				Base,
			);
			mainGroup = 8F891ED623B54C000012C6A3;
			productRefGroup = 8F891EE023B54C000012C6A3 /* Products */;
			projectDirPath = "";
			projectRoot = "";
			targets = (
				8F891EDE23B54C000012C6A3 /* FaceDetector */,
				8F891EF423B54C050012C6A3 /* FaceDetectorTests */,
				8F891EFF23B54C050012C6A3 /* FaceDetectorUITests */,
			);
		};
/* End PBXProject section */

/* Begin PBXResourcesBuildPhase section */
		8F891EDD23B54C000012C6A3 /* Resources */ = {
			isa = PBXResourcesBuildPhase;
			buildActionMask = 2147483647;
			files = (
				8F891EEF23B54C040012C6A3 /* LaunchScreen.storyboard in Resources */,
				8F891EEC23B54C040012C6A3 /* Preview Assets.xcassets in Resources */,
				8F891EE923B54C040012C6A3 /* Assets.xcassets in Resources */,
			);
			runOnlyForDeploymentPostprocessing = 0;
		};
		8F891EF323B54C050012C6A3 /* Resources */ = {
			isa = PBXResourcesBuildPhase;
			buildActionMask = 2147483647;
			files = (
			);
			runOnlyForDeploymentPostprocessing = 0;
		};
		8F891EFE23B54C050012C6A3 /* Resources */ = {
			isa = PBXResourcesBuildPhase;
			buildActionMask = 2147483647;
			files = (
			);
			runOnlyForDeploymentPostprocessing = 0;
		};
/* End PBXResourcesBuildPhase section */

/* Begin PBXSourcesBuildPhase section */
		8F891EDB23B54C000012C6A3 /* Sources */ = {
			isa = PBXSourcesBuildPhase;
			buildActionMask = 2147483647;
			files = (
				8F891F1323B54C5D0012C6A3 /* Faces.swift in Sources */,
				8F891EE323B54C000012C6A3 /* AppDelegate.swift in Sources */,
				8F891EE523B54C000012C6A3 /* SceneDelegate.swift in Sources */,
				8F891F1523B550500012C6A3 /* Views.swift in Sources */,
				8F891EE723B54C000012C6A3 /* ContentView.swift in Sources */,
			);
			runOnlyForDeploymentPostprocessing = 0;
		};
		8F891EF123B54C050012C6A3 /* Sources */ = {
			isa = PBXSourcesBuildPhase;
			buildActionMask = 2147483647;
			files = (
				8F891EFA23B54C050012C6A3 /* FaceDetectorTests.swift in Sources */,
			);
			runOnlyForDeploymentPostprocessing = 0;
		};
		8F891EFC23B54C050012C6A3 /* Sources */ = {
			isa = PBXSourcesBuildPhase;
			buildActionMask = 2147483647;
			files = (
				8F891F0523B54C050012C6A3 /* FaceDetectorUITests.swift in Sources */,
			);
			runOnlyForDeploymentPostprocessing = 0;
		};
/* End PBXSourcesBuildPhase section */

/* Begin PBXTargetDependency section */
		8F891EF723B54C050012C6A3 /* PBXTargetDependency */ = {
			isa = PBXTargetDependency;
			target = 8F891EDE23B54C000012C6A3 /* FaceDetector */;
			targetProxy = 8F891EF623B54C050012C6A3 /* PBXContainerItemProxy */;
		};
		8F891F0223B54C050012C6A3 /* PBXTargetDependency */ = {
			isa = PBXTargetDependency;
			target = 8F891EDE23B54C000012C6A3 /* FaceDetector */;
			targetProxy = 8F891F0123B54C050012C6A3 /* PBXContainerItemProxy */;
		};
/* End PBXTargetDependency section */

/* Begin PBXVariantGroup section */
		8F891EED23B54C040012C6A3 /* LaunchScreen.storyboard */ = {
			isa = PBXVariantGroup;
			children = (
				8F891EEE23B54C040012C6A3 /* Base */,
			);
			name = LaunchScreen.storyboard;
			sourceTree = "<group>";
		};
/* End PBXVariantGroup section */

/* Begin XCBuildConfiguration section */
		8F891F0723B54C050012C6A3 /* Debug */ = {
			isa = XCBuildConfiguration;
			buildSettings = {
				ALWAYS_SEARCH_USER_PATHS = NO;
				CLANG_ANALYZER_NONNULL = YES;
				CLANG_ANALYZER_NUMBER_OBJECT_CONVERSION = YES_AGGRESSIVE;
				CLANG_CXX_LANGUAGE_STANDARD = "gnu++14";
				CLANG_CXX_LIBRARY = "libc++";
				CLANG_ENABLE_MODULES = YES;
				CLANG_ENABLE_OBJC_ARC = YES;
				CLANG_ENABLE_OBJC_WEAK = YES;
				CLANG_WARN_BLOCK_CAPTURE_AUTORELEASING = YES;
				CLANG_WARN_BOOL_CONVERSION = YES;
				CLANG_WARN_COMMA = YES;
				CLANG_WARN_CONSTANT_CONVERSION = YES;
				CLANG_WARN_DEPRECATED_OBJC_IMPLEMENTATIONS = YES;
				CLANG_WARN_DIRECT_OBJC_ISA_USAGE = YES_ERROR;
				CLANG_WARN_DOCUMENTATION_COMMENTS = YES;
				CLANG_WARN_EMPTY_BODY = YES;
				CLANG_WARN_ENUM_CONVERSION = YES;
				CLANG_WARN_INFINITE_RECURSION = YES;
				CLANG_WARN_INT_CONVERSION = YES;
				CLANG_WARN_NON_LITERAL_NULL_CONVERSION = YES;
				CLANG_WARN_OBJC_IMPLICIT_RETAIN_SELF = YES;
				CLANG_WARN_OBJC_LITERAL_CONVERSION = YES;
				CLANG_WARN_OBJC_ROOT_CLASS = YES_ERROR;
				CLANG_WARN_RANGE_LOOP_ANALYSIS = YES;
				CLANG_WARN_STRICT_PROTOTYPES = YES;
				CLANG_WARN_SUSPICIOUS_MOVE = YES;
				CLANG_WARN_UNGUARDED_AVAILABILITY = YES_AGGRESSIVE;
				CLANG_WARN_UNREACHABLE_CODE = YES;
				CLANG_WARN__DUPLICATE_METHOD_MATCH = YES;
				COPY_PHASE_STRIP = NO;
				DEBUG_INFORMATION_FORMAT = dwarf;
				ENABLE_STRICT_OBJC_MSGSEND = YES;
				ENABLE_TESTABILITY = YES;
				GCC_C_LANGUAGE_STANDARD = gnu11;
				GCC_DYNAMIC_NO_PIC = NO;
				GCC_NO_COMMON_BLOCKS = YES;
				GCC_OPTIMIZATION_LEVEL = 0;
				GCC_PREPROCESSOR_DEFINITIONS = (
					"DEBUG=1",
					"$(inherited)",
				);
				GCC_WARN_64_TO_32_BIT_CONVERSION = YES;
				GCC_WARN_ABOUT_RETURN_TYPE = YES_ERROR;
				GCC_WARN_UNDECLARED_SELECTOR = YES;
				GCC_WARN_UNINITIALIZED_AUTOS = YES_AGGRESSIVE;
				GCC_WARN_UNUSED_FUNCTION = YES;
				GCC_WARN_UNUSED_VARIABLE = YES;
				IPHONEOS_DEPLOYMENT_TARGET = 13.2;
				MTL_ENABLE_DEBUG_INFO = INCLUDE_SOURCE;
				MTL_FAST_MATH = YES;
				ONLY_ACTIVE_ARCH = YES;
				SDKROOT = iphoneos;
				SWIFT_ACTIVE_COMPILATION_CONDITIONS = DEBUG;
				SWIFT_OPTIMIZATION_LEVEL = "-Onone";
			};
			name = Debug;
		};
		8F891F0823B54C050012C6A3 /* Release */ = {
			isa = XCBuildConfiguration;
			buildSettings = {
				ALWAYS_SEARCH_USER_PATHS = NO;
				CLANG_ANALYZER_NONNULL = YES;
				CLANG_ANALYZER_NUMBER_OBJECT_CONVERSION = YES_AGGRESSIVE;
				CLANG_CXX_LANGUAGE_STANDARD = "gnu++14";
				CLANG_CXX_LIBRARY = "libc++";
				CLANG_ENABLE_MODULES = YES;
				CLANG_ENABLE_OBJC_ARC = YES;
				CLANG_ENABLE_OBJC_WEAK = YES;
				CLANG_WARN_BLOCK_CAPTURE_AUTORELEASING = YES;
				CLANG_WARN_BOOL_CONVERSION = YES;
				CLANG_WARN_COMMA = YES;
				CLANG_WARN_CONSTANT_CONVERSION = YES;
				CLANG_WARN_DEPRECATED_OBJC_IMPLEMENTATIONS = YES;
				CLANG_WARN_DIRECT_OBJC_ISA_USAGE = YES_ERROR;
				CLANG_WARN_DOCUMENTATION_COMMENTS = YES;
				CLANG_WARN_EMPTY_BODY = YES;
				CLANG_WARN_ENUM_CONVERSION = YES;
				CLANG_WARN_INFINITE_RECURSION = YES;
				CLANG_WARN_INT_CONVERSION = YES;
				CLANG_WARN_NON_LITERAL_NULL_CONVERSION = YES;
				CLANG_WARN_OBJC_IMPLICIT_RETAIN_SELF = YES;
				CLANG_WARN_OBJC_LITERAL_CONVERSION = YES;
				CLANG_WARN_OBJC_ROOT_CLASS = YES_ERROR;
				CLANG_WARN_RANGE_LOOP_ANALYSIS = YES;
				CLANG_WARN_STRICT_PROTOTYPES = YES;
				CLANG_WARN_SUSPICIOUS_MOVE = YES;
				CLANG_WARN_UNGUARDED_AVAILABILITY = YES_AGGRESSIVE;
				CLANG_WARN_UNREACHABLE_CODE = YES;
				CLANG_WARN__DUPLICATE_METHOD_MATCH = YES;
				COPY_PHASE_STRIP = NO;
				DEBUG_INFORMATION_FORMAT = "dwarf-with-dsym";
				ENABLE_NS_ASSERTIONS = NO;
				ENABLE_STRICT_OBJC_MSGSEND = YES;
				GCC_C_LANGUAGE_STANDARD = gnu11;
				GCC_NO_COMMON_BLOCKS = YES;
				GCC_WARN_64_TO_32_BIT_CONVERSION = YES;
				GCC_WARN_ABOUT_RETURN_TYPE = YES_ERROR;
				GCC_WARN_UNDECLARED_SELECTOR = YES;
				GCC_WARN_UNINITIALIZED_AUTOS = YES_AGGRESSIVE;
				GCC_WARN_UNUSED_FUNCTION = YES;
				GCC_WARN_UNUSED_VARIABLE = YES;
				IPHONEOS_DEPLOYMENT_TARGET = 13.2;
				MTL_ENABLE_DEBUG_INFO = NO;
				MTL_FAST_MATH = YES;
				SDKROOT = iphoneos;
				SWIFT_COMPILATION_MODE = wholemodule;
				SWIFT_OPTIMIZATION_LEVEL = "-O";
				VALIDATE_PRODUCT = YES;
			};
			name = Release;
		};
		8F891F0A23B54C050012C6A3 /* Debug */ = {
			isa = XCBuildConfiguration;
			buildSettings = {
				ASSETCATALOG_COMPILER_APPICON_NAME = AppIcon;
				CODE_SIGN_STYLE = Automatic;
				DEVELOPMENT_ASSET_PATHS = "\"FaceDetector/Preview Content\"";
				DEVELOPMENT_TEAM = 9HNXYM86C6;
				ENABLE_PREVIEWS = YES;
				INFOPLIST_FILE = FaceDetector/Info.plist;
				LD_RUNPATH_SEARCH_PATHS = (
					"$(inherited)",
					"@executable_path/Frameworks",
				);
				PRODUCT_BUNDLE_IDENTIFIER = com.jonaylor89.FaceDetector;
				PRODUCT_NAME = "$(TARGET_NAME)";
				SWIFT_VERSION = 5.0;
				TARGETED_DEVICE_FAMILY = "1,2";
			};
			name = Debug;
		};
		8F891F0B23B54C050012C6A3 /* Release */ = {
			isa = XCBuildConfiguration;
			buildSettings = {
				ASSETCATALOG_COMPILER_APPICON_NAME = AppIcon;
				CODE_SIGN_STYLE = Automatic;
				DEVELOPMENT_ASSET_PATHS = "\"FaceDetector/Preview Content\"";
				DEVELOPMENT_TEAM = 9HNXYM86C6;
				ENABLE_PREVIEWS = YES;
				INFOPLIST_FILE = FaceDetector/Info.plist;
				LD_RUNPATH_SEARCH_PATHS = (
					"$(inherited)",
					"@executable_path/Frameworks",
				);
				PRODUCT_BUNDLE_IDENTIFIER = com.jonaylor89.FaceDetector;
				PRODUCT_NAME = "$(TARGET_NAME)";
				SWIFT_VERSION = 5.0;
				TARGETED_DEVICE_FAMILY = "1,2";
			};
			name = Release;
		};
		8F891F0D23B54C050012C6A3 /* Debug */ = {
			isa = XCBuildConfiguration;
			buildSettings = {
				ALWAYS_EMBED_SWIFT_STANDARD_LIBRARIES = YES;
				BUNDLE_LOADER = "$(TEST_HOST)";
				CODE_SIGN_STYLE = Automatic;
				DEVELOPMENT_TEAM = 9HNXYM86C6;
				INFOPLIST_FILE = FaceDetectorTests/Info.plist;
				IPHONEOS_DEPLOYMENT_TARGET = 13.2;
				LD_RUNPATH_SEARCH_PATHS = (
					"$(inherited)",
					"@executable_path/Frameworks",
					"@loader_path/Frameworks",
				);
				PRODUCT_BUNDLE_IDENTIFIER = com.jonaylor89.FaceDetectorTests;
				PRODUCT_NAME = "$(TARGET_NAME)";
				SWIFT_VERSION = 5.0;
				TARGETED_DEVICE_FAMILY = "1,2";
				TEST_HOST = "$(BUILT_PRODUCTS_DIR)/FaceDetector.app/FaceDetector";
			};
			name = Debug;
		};
		8F891F0E23B54C050012C6A3 /* Release */ = {
			isa = XCBuildConfiguration;
			buildSettings = {
				ALWAYS_EMBED_SWIFT_STANDARD_LIBRARIES = YES;
				BUNDLE_LOADER = "$(TEST_HOST)";
				CODE_SIGN_STYLE = Automatic;
				DEVELOPMENT_TEAM = 9HNXYM86C6;
				INFOPLIST_FILE = FaceDetectorTests/Info.plist;
				IPHONEOS_DEPLOYMENT_TARGET = 13.2;
				LD_RUNPATH_SEARCH_PATHS = (
					"$(inherited)",
					"@executable_path/Frameworks",
					"@loader_path/Frameworks",
				);
				PRODUCT_BUNDLE_IDENTIFIER = com.jonaylor89.FaceDetectorTests;
				PRODUCT_NAME = "$(TARGET_NAME)";
				SWIFT_VERSION = 5.0;
				TARGETED_DEVICE_FAMILY = "1,2";
				TEST_HOST = "$(BUILT_PRODUCTS_DIR)/FaceDetector.app/FaceDetector";
			};
			name = Release;
		};
		8F891F1023B54C050012C6A3 /* Debug */ = {
			isa = XCBuildConfiguration;
			buildSettings = {
				ALWAYS_EMBED_SWIFT_STANDARD_LIBRARIES = YES;
				CODE_SIGN_STYLE = Automatic;
				DEVELOPMENT_TEAM = 9HNXYM86C6;
				INFOPLIST_FILE = FaceDetectorUITests/Info.plist;
				LD_RUNPATH_SEARCH_PATHS = (
					"$(inherited)",
					"@executable_path/Frameworks",
					"@loader_path/Frameworks",
				);
				PRODUCT_BUNDLE_IDENTIFIER = com.jonaylor89.FaceDetectorUITests;
				PRODUCT_NAME = "$(TARGET_NAME)";
				SWIFT_VERSION = 5.0;
				TARGETED_DEVICE_FAMILY = "1,2";
				TEST_TARGET_NAME = FaceDetector;
			};
			name = Debug;
		};
		8F891F1123B54C050012C6A3 /* Release */ = {
			isa = XCBuildConfiguration;
			buildSettings = {
				ALWAYS_EMBED_SWIFT_STANDARD_LIBRARIES = YES;
				CODE_SIGN_STYLE = Automatic;
				DEVELOPMENT_TEAM = 9HNXYM86C6;
				INFOPLIST_FILE = FaceDetectorUITests/Info.plist;
				LD_RUNPATH_SEARCH_PATHS = (
					"$(inherited)",
					"@executable_path/Frameworks",
					"@loader_path/Frameworks",
				);
				PRODUCT_BUNDLE_IDENTIFIER = com.jonaylor89.FaceDetectorUITests;
				PRODUCT_NAME = "$(TARGET_NAME)";
				SWIFT_VERSION = 5.0;
				TARGETED_DEVICE_FAMILY = "1,2";
				TEST_TARGET_NAME = FaceDetector;
			};
			name = Release;
		};
/* End XCBuildConfiguration section */

/* Begin XCConfigurationList section */
		8F891EDA23B54C000012C6A3 /* Build configuration list for PBXProject "FaceDetector" */ = {
			isa = XCConfigurationList;
			buildConfigurations = (
				8F891F0723B54C050012C6A3 /* Debug */,
				8F891F0823B54C050012C6A3 /* Release */,
			);
			defaultConfigurationIsVisible = 0;
			defaultConfigurationName = Release;
		};
		8F891F0923B54C050012C6A3 /* Build configuration list for PBXNativeTarget "FaceDetector" */ = {
			isa = XCConfigurationList;
			buildConfigurations = (
				8F891F0A23B54C050012C6A3 /* Debug */,
				8F891F0B23B54C050012C6A3 /* Release */,
			);
			defaultConfigurationIsVisible = 0;
			defaultConfigurationName = Release;
		};
		8F891F0C23B54C050012C6A3 /* Build configuration list for PBXNativeTarget "FaceDetectorTests" */ = {
			isa = XCConfigurationList;
			buildConfigurations = (
				8F891F0D23B54C050012C6A3 /* Debug */,
				8F891F0E23B54C050012C6A3 /* Release */,
			);
			defaultConfigurationIsVisible = 0;
			defaultConfigurationName = Release;
		};
		8F891F0F23B54C050012C6A3 /* Build configuration list for PBXNativeTarget "FaceDetectorUITests" */ = {
			isa = XCConfigurationList;
			buildConfigurations = (
				8F891F1023B54C050012C6A3 /* Debug */,
				8F891F1123B54C050012C6A3 /* Release */,
			);
			defaultConfigurationIsVisible = 0;
			defaultConfigurationName = Release;
		};
/* End XCConfigurationList section */
	};
	rootObject = 8F891ED723B54C000012C6A3 /* Project object */;
}
